
Microsoft Visual Studio Solution File, Format Version 12.00
# Visual Studio Version 16
VisualStudioVersion = 16.0.32413.511
MinimumVisualStudioVersion = 10.0.40219.1
Project("{FAE04EC0-301F-11D3-BF4B-00C04F79EFBC}") = "PTMC", "PTMC.csproj", "{94B091BE-02BA-491C-BB90-C6310C712C06}"
EndProject
Global
	GlobalSection(SolutionConfigurationPlatforms) = preSolution
		Debug|Any CPU = Debug|Any CPU
		Release|Any CPU = Release|Any CPU
	EndGlobalSection
	GlobalSection(ProjectConfigurationPlatforms) = postSolution
		{94B091BE-02BA-491C-BB90-C6310C712C06}.Debug|Any CPU.ActiveCfg = Debug|Any CPU
		{94B091BE-02BA-491C-BB90-C6310C712C06}.Debug|Any CPU.Build.0 = Debug|Any CPU
		{94B091BE-02BA-491C-BB90-C6310C712C06}.Release|Any CPU.ActiveCfg = Release|Any CPU
		{94B091BE-02BA-491C-BB90-C6310C712C06}.Release|Any CPU.Build.0 = Release|Any CPU
	EndGlobalSection
	GlobalSection(SolutionProperties) = preSolution
		HideSolutionNode = FALSE
	EndGlobalSection
	GlobalSection(ExtensibilityGlobals) = postSolution
		SolutionGuid = {7C85907F-F2D0-4D9D-8919-290B10FD5858}
	EndGlobalSection
EndGlobal
