
Microsoft Visual Studio Solution File, Format Version 12.00
# Visual Studio Version 17
VisualStudioVersion = 17.9.34728.123
MinimumVisualStudioVersion = 10.0.40219.1
Project("{FAE04EC0-301F-11D3-BF4B-00C04F79EFBC}") = "PTMStudio", "PTMStudio\PTMStudio.csproj", "{C62401D3-ADF8-477B-9295-B1C468F60D75}"
EndProject
Global
	GlobalSection(SolutionConfigurationPlatforms) = preSolution
		Debug|Any CPU = Debug|Any CPU
		Debug|x64 = Debug|x64
		Debug|x86 = Debug|x86
		Release|Any CPU = Release|Any CPU
		Release|x64 = Release|x64
		Release|x86 = Release|x86
	EndGlobalSection
	GlobalSection(ProjectConfigurationPlatforms) = postSolution
		{C62401D3-ADF8-477B-9295-B1C468F60D75}.Debug|Any CPU.ActiveCfg = Debug|Any CPU
		{C62401D3-ADF8-477B-9295-B1C468F60D75}.Debug|Any CPU.Build.0 = Debug|Any CPU
		{C62401D3-ADF8-477B-9295-B1C468F60D75}.Debug|x64.ActiveCfg = Debug|Any CPU
		{C62401D3-ADF8-477B-9295-B1C468F60D75}.Debug|x64.Build.0 = Debug|Any CPU
		{C62401D3-ADF8-477B-9295-B1C468F60D75}.Debug|x86.ActiveCfg = Debug|Any CPU
		{C62401D3-ADF8-477B-9295-B1C468F60D75}.Debug|x86.Build.0 = Debug|Any CPU
		{C62401D3-ADF8-477B-9295-B1C468F60D75}.Release|Any CPU.ActiveCfg = Release|Any CPU
		{C62401D3-ADF8-477B-9295-B1C468F60D75}.Release|Any CPU.Build.0 = Release|Any CPU
		{C62401D3-ADF8-477B-9295-B1C468F60D75}.Release|x64.ActiveCfg = Release|Any CPU
		{C62401D3-ADF8-477B-9295-B1C468F60D75}.Release|x64.Build.0 = Release|Any CPU
		{C62401D3-ADF8-477B-9295-B1C468F60D75}.Release|x86.ActiveCfg = Release|Any CPU
		{C62401D3-ADF8-477B-9295-B1C468F60D75}.Release|x86.Build.0 = Release|Any CPU
	EndGlobalSection
	GlobalSection(SolutionProperties) = preSolution
		HideSolutionNode = FALSE
	EndGlobalSection
	GlobalSection(ExtensibilityGlobals) = postSolution
		SolutionGuid = {86703DF1-59BE-4669-AC74-14803573CD84}
	EndGlobalSection
EndGlobal
