<?xml version="1.0" encoding="utf-8"?>
<Project ToolsVersion="4.0" xmlns="http://schemas.microsoft.com/developer/msbuild/2003">
  <ItemGroup>
    <ClCompile Include="src\main.cpp" />
    <ClCompile Include="src\t_string.cpp">
      <Filter>UTIL</Filter>
    </ClCompile>
    <ClCompile Include="src\t_util.cpp">
      <Filter>UTIL</Filter>
    </ClCompile>
    <ClCompile Include="src\t_list.cpp">
      <Filter>UTIL</Filter>
    </ClCompile>
    <ClCompile Include="src\t_dict.cpp">
      <Filter>UTIL</Filter>
    </ClCompile>
    <ClCompile Include="src\t_data.cpp">
      <Filter>UTIL</Filter>
    </ClCompile>
    <ClCompile Include="src\t_tests.cpp">
      <Filter>TEST</Filter>
    </ClCompile>
    <ClCompile Include="src\t_window.cpp">
      <Filter>GRAPHICS - CORE</Filter>
    </ClCompile>
    <ClCompile Include="src\t_charset.cpp">
      <Filter>GRAPHICS - CORE</Filter>
    </ClCompile>
    <ClCompile Include="src\t_color.cpp">
      <Filter>GRAPHICS - CORE</Filter>
    </ClCompile>
    <ClCompile Include="src\t_keyboard.cpp">
      <Filter>INPUT</Filter>
    </ClCompile>
    <ClCompile Include="src\t_tile.cpp">
      <Filter>GRAPHICS - TILESYSTEM</Filter>
    </ClCompile>
    <ClCompile Include="src\t_tilebuffer.cpp">
      <Filter>GRAPHICS - TILESYSTEM</Filter>
    </ClCompile>
    <ClCompile Include="src\t_char.cpp">
      <Filter>GRAPHICS - TILESYSTEM</Filter>
    </ClCompile>
    <ClCompile Include="src\t_palette.cpp">
      <Filter>GRAPHICS - CORE</Filter>
    </ClCompile>
    <ClCompile Include="src\PTM.cpp">
      <Filter>CORE</Filter>
    </ClCompile>
    <ClCompile Include="src\t_pos.cpp">
      <Filter>UTIL</Filter>
    </ClCompile>
    <ClCompile Include="src\t_tileflags.cpp">
      <Filter>GRAPHICS - TILESYSTEM</Filter>
    </ClCompile>
    <ClCompile Include="src\t_screen.cpp">
      <Filter>GRAPHICS - CORE</Filter>
    </ClCompile>
    <ClCompile Include="src\PTML_runtime.cpp">
      <Filter>RUNTIME UTILITIES</Filter>
    </ClCompile>
    <ClCompile Include="src\t_program_runner.cpp">
      <Filter>CORE</Filter>
    </ClCompile>
    <ClCompile Include="src\t_filesystem.cpp">
      <Filter>FILESYSTEM</Filter>
    </ClCompile>
    <ClCompile Include="src\t_program.cpp">
      <Filter>PROGRAM STRUCTURE</Filter>
    </ClCompile>
    <ClCompile Include="src\t_program_line.cpp">
      <Filter>PROGRAM STRUCTURE</Filter>
    </ClCompile>
    <ClCompile Include="src\t_token.cpp">
      <Filter>PROGRAM STRUCTURE</Filter>
    </ClCompile>
    <ClCompile Include="src\t_tokenizer.cpp">
      <Filter>PROGRAM STRUCTURE</Filter>
    </ClCompile>
    <ClCompile Include="src\PTML_CTFLOW.cpp">
      <Filter>PTML - COMMANDS</Filter>
    </ClCompile>
    <ClCompile Include="src\PTML_GRAPHICS.cpp">
      <Filter>PTML - COMMANDS</Filter>
    </ClCompile>
    <ClCompile Include="src\PTML_MATH.cpp">
      <Filter>PTML - COMMANDS</Filter>
    </ClCompile>
    <ClCompile Include="src\PTML_PROGRAM.cpp">
      <Filter>PTML - COMMANDS</Filter>
    </ClCompile>
    <ClCompile Include="src\PTML_VARS.cpp">
      <Filter>PTML - COMMANDS</Filter>
    </ClCompile>
    <ClCompile Include="src\PTML_ALL.cpp">
      <Filter>PTML - COMMANDS</Filter>
    </ClCompile>
    <ClCompile Include="src\t_interpreter.cpp">
      <Filter>CORE</Filter>
    </ClCompile>
    <ClCompile Include="src\PTML_FILESYSTEM.cpp">
      <Filter>PTML - COMMANDS</Filter>
    </ClCompile>
    <ClCompile Include="src\PTML_INPUT.cpp">
      <Filter>PTML - COMMANDS</Filter>
    </ClCompile>
    <ClCompile Include="src\t_table.cpp">
      <Filter>UTIL</Filter>
    </ClCompile>
    <ClCompile Include="src\t_sound_wav.cpp">
      <Filter>SOUND</Filter>
    </ClCompile>
    <ClCompile Include="src\t_record_file.cpp">
      <Filter>FILESYSTEM</Filter>
    </ClCompile>
    <ClCompile Include="src\t_sound.cpp">
      <Filter>SOUND</Filter>
    </ClCompile>
    <ClCompile Include="src\PTML_SOUND.cpp">
      <Filter>PTML - COMMANDS</Filter>
    </ClCompile>
    <ClCompile Include="src\t_sprite.cpp">
      <Filter>GRAPHICS - TILESYSTEM</Filter>
    </ClCompile>
    <ClCompile Include="src\t_image.cpp">
      <Filter>GRAPHICS - CORE</Filter>
    </ClCompile>
    <ClCompile Include="src\t_main_editor.cpp">
      <Filter>EDITOR</Filter>
    </ClCompile>
    <ClCompile Include="src\t_program_editor.cpp">
      <Filter>EDITOR</Filter>
    </ClCompile>
    <ClCompile Include="src\t_user_tilebuffer.cpp">
      <Filter>GRAPHICS - TILESYSTEM</Filter>
    </ClCompile>
    <ClCompile Include="src\t_spritelist.cpp">
      <Filter>GRAPHICS - TILESYSTEM</Filter>
    </ClCompile>
  </ItemGroup>
  <ItemGroup>
    <ClInclude Include="src\t_string.h">
      <Filter>UTIL</Filter>
    </ClInclude>
    <ClInclude Include="src\t_util.h">
      <Filter>UTIL</Filter>
    </ClInclude>
    <ClInclude Include="src\t_list.h">
      <Filter>UTIL</Filter>
    </ClInclude>
    <ClInclude Include="src\t_dict.h">
      <Filter>UTIL</Filter>
    </ClInclude>
    <ClInclude Include="src\t_data.h">
      <Filter>UTIL</Filter>
    </ClInclude>
    <ClInclude Include="src\t_tests.h">
      <Filter>TEST</Filter>
    </ClInclude>
    <ClInclude Include="src\t_binary.h">
      <Filter>UTIL</Filter>
    </ClInclude>
    <ClInclude Include="src\t_window.h">
      <Filter>GRAPHICS - CORE</Filter>
    </ClInclude>
    <ClInclude Include="src\t_charset.h">
      <Filter>GRAPHICS - CORE</Filter>
    </ClInclude>
    <ClInclude Include="src\t_color.h">
      <Filter>GRAPHICS - CORE</Filter>
    </ClInclude>
    <ClInclude Include="src\t_keyboard.h">
      <Filter>INPUT</Filter>
    </ClInclude>
    <ClInclude Include="src\t_tile.h">
      <Filter>GRAPHICS - TILESYSTEM</Filter>
    </ClInclude>
    <ClInclude Include="src\t_tilebuffer.h">
      <Filter>GRAPHICS - TILESYSTEM</Filter>
    </ClInclude>
    <ClInclude Include="src\t_char.h">
      <Filter>GRAPHICS - TILESYSTEM</Filter>
    </ClInclude>
    <ClInclude Include="src\t_palette.h">
      <Filter>GRAPHICS - CORE</Filter>
    </ClInclude>
    <ClInclude Include="src\t_tile_animation.h">
      <Filter>GRAPHICS - TILESYSTEM</Filter>
    </ClInclude>
    <ClInclude Include="src\PTM.h">
      <Filter>CORE</Filter>
    </ClInclude>
    <ClInclude Include="src\t_index.h">
      <Filter>GRAPHICS - CORE</Filter>
    </ClInclude>
    <ClInclude Include="src\t_pointers.h">
      <Filter>UTIL</Filter>
    </ClInclude>
    <ClInclude Include="src\t_pos.h">
      <Filter>UTIL</Filter>
    </ClInclude>
    <ClInclude Include="src\t_tileflags.h">
      <Filter>GRAPHICS - TILESYSTEM</Filter>
    </ClInclude>
    <ClInclude Include="src\t_screen.h">
      <Filter>GRAPHICS - CORE</Filter>
    </ClInclude>
    <ClInclude Include="src\t_function_ptr.h">
      <Filter>UTIL</Filter>
    </ClInclude>
    <ClInclude Include="src\PTML_runtime.h">
      <Filter>RUNTIME UTILITIES</Filter>
    </ClInclude>
    <ClInclude Include="src\t_program_runner.h">
      <Filter>CORE</Filter>
    </ClInclude>
    <ClInclude Include="src\t_filesystem.h">
      <Filter>FILESYSTEM</Filter>
    </ClInclude>
    <ClInclude Include="src\t_stack.h">
      <Filter>UTIL</Filter>
    </ClInclude>
    <ClInclude Include="src\PTML_macros.h">
      <Filter>RUNTIME UTILITIES</Filter>
    </ClInclude>
    <ClInclude Include="src\PTML_errors.h">
      <Filter>RUNTIME UTILITIES</Filter>
    </ClInclude>
    <ClInclude Include="src\t_param.h">
      <Filter>PROGRAM STRUCTURE</Filter>
    </ClInclude>
    <ClInclude Include="src\t_program.h">
      <Filter>PROGRAM STRUCTURE</Filter>
    </ClInclude>
    <ClInclude Include="src\t_program_line.h">
      <Filter>PROGRAM STRUCTURE</Filter>
    </ClInclude>
    <ClInclude Include="src\t_token.h">
      <Filter>PROGRAM STRUCTURE</Filter>
    </ClInclude>
    <ClInclude Include="src\t_token_type.h">
      <Filter>PROGRAM STRUCTURE</Filter>
    </ClInclude>
    <ClInclude Include="src\t_tokenizer.h">
      <Filter>PROGRAM STRUCTURE</Filter>
    </ClInclude>
    <ClInclude Include="src\PTML_shared_headers.h">
      <Filter>RUNTIME UTILITIES</Filter>
    </ClInclude>
    <ClInclude Include="src\PTML_CTFLOW.h">
      <Filter>PTML - COMMANDS</Filter>
    </ClInclude>
    <ClInclude Include="src\PTML_GRAPHICS.h">
      <Filter>PTML - COMMANDS</Filter>
    </ClInclude>
    <ClInclude Include="src\PTML_MATH.h">
      <Filter>PTML - COMMANDS</Filter>
    </ClInclude>
    <ClInclude Include="src\PTML_PROGRAM.h">
      <Filter>PTML - COMMANDS</Filter>
    </ClInclude>
    <ClInclude Include="src\PTML_VARS.h">
      <Filter>PTML - COMMANDS</Filter>
    </ClInclude>
    <ClInclude Include="src\PTML_ALL.h">
      <Filter>PTML - COMMANDS</Filter>
    </ClInclude>
    <ClInclude Include="src\t_interpreter.h">
      <Filter>CORE</Filter>
    </ClInclude>
    <ClInclude Include="src\PTML_FILESYSTEM.h">
      <Filter>PTML - COMMANDS</Filter>
    </ClInclude>
    <ClInclude Include="src\PTML_INPUT.h">
      <Filter>PTML - COMMANDS</Filter>
    </ClInclude>
    <ClInclude Include="src\t_tilebuffer_region.h">
      <Filter>GRAPHICS - TILESYSTEM</Filter>
    </ClInclude>
    <ClInclude Include="src\t_table.h">
      <Filter>UTIL</Filter>
    </ClInclude>
    <ClInclude Include="src\t_namespace.h">
      <Filter>UTIL</Filter>
    </ClInclude>
    <ClInclude Include="src\t_rect.h">
      <Filter>UTIL</Filter>
    </ClInclude>
    <ClInclude Include="src\predefined_charset_ix.h">
      <Filter>GRAPHICS - CORE</Filter>
    </ClInclude>
    <ClInclude Include="src\t_sound_wav.h">
      <Filter>SOUND</Filter>
    </ClInclude>
    <ClInclude Include="src\t_record_file.h">
      <Filter>FILESYSTEM</Filter>
    </ClInclude>
    <ClInclude Include="src\t_sound.h">
      <Filter>SOUND</Filter>
    </ClInclude>
    <ClInclude Include="src\PTML_SOUND.h">
      <Filter>PTML - COMMANDS</Filter>
    </ClInclude>
    <ClInclude Include="src\t_sprite.h">
      <Filter>GRAPHICS - TILESYSTEM</Filter>
    </ClInclude>
    <ClInclude Include="src\t_array_ref.h">
      <Filter>PROGRAM STRUCTURE</Filter>
    </ClInclude>
    <ClInclude Include="src\t_image.h">
      <Filter>GRAPHICS - CORE</Filter>
    </ClInclude>
    <ClInclude Include="src\t_program_editor.h">
      <Filter>EDITOR</Filter>
    </ClInclude>
    <ClInclude Include="src\t_main_editor.h">
      <Filter>EDITOR</Filter>
    </ClInclude>
    <ClInclude Include="src\t_user_tilebuffer.h">
      <Filter>GRAPHICS - TILESYSTEM</Filter>
    </ClInclude>
    <ClInclude Include="src\t_spritelist.h">
      <Filter>GRAPHICS - TILESYSTEM</Filter>
    </ClInclude>
  </ItemGroup>
  <ItemGroup>
    <Filter Include="UTIL">
      <UniqueIdentifier>{1e5749d2-762f-4f97-b9eb-39d554790416}</UniqueIdentifier>
    </Filter>
    <Filter Include="TEST">
      <UniqueIdentifier>{a56445db-2f75-4346-b2cc-eee7843ce292}</UniqueIdentifier>
    </Filter>
    <Filter Include="INPUT">
      <UniqueIdentifier>{31c97c3a-1b06-47e4-9c67-9dbac0326a30}</UniqueIdentifier>
    </Filter>
    <Filter Include="CORE">
      <UniqueIdentifier>{d5551f7b-30ed-4f80-aa0a-e1dc9a86334e}</UniqueIdentifier>
    </Filter>
    <Filter Include="FILESYSTEM">
      <UniqueIdentifier>{b8433b10-7259-4f24-af1b-097839dcaa62}</UniqueIdentifier>
    </Filter>
    <Filter Include="PTML - COMMANDS">
      <UniqueIdentifier>{8919dff3-c9d1-49e7-8660-75b7b037409a}</UniqueIdentifier>
    </Filter>
    <Filter Include="GRAPHICS - CORE">
      <UniqueIdentifier>{cb589e47-33ae-43f4-b8bf-f0954d4be141}</UniqueIdentifier>
    </Filter>
    <Filter Include="GRAPHICS - TILESYSTEM">
      <UniqueIdentifier>{ae92eb0a-0819-44c8-9dc9-15dcf26417a3}</UniqueIdentifier>
    </Filter>
    <Filter Include="SOUND">
      <UniqueIdentifier>{39bfc00e-8270-42a6-a789-23a456052617}</UniqueIdentifier>
    </Filter>
    <Filter Include="PROGRAM STRUCTURE">
      <UniqueIdentifier>{e19b315d-17da-4bd4-84a4-6f6c7092ee77}</UniqueIdentifier>
    </Filter>
    <Filter Include="RUNTIME UTILITIES">
      <UniqueIdentifier>{d73b4aac-b700-424b-8ae1-15ba947d5ef1}</UniqueIdentifier>
    </Filter>
    <Filter Include="EDITOR">
      <UniqueIdentifier>{a7b7ca7a-6d73-42da-885c-4b9bfc3e8753}</UniqueIdentifier>
    </Filter>
  </ItemGroup>
</Project>