<?xml version="1.0" encoding="utf-8"?>
<Project ToolsVersion="4.0" xmlns="http://schemas.microsoft.com/developer/msbuild/2003">
  <ItemGroup>
    <ClCompile Include="main.c" />
    <ClCompile Include="CppUtils\CppFile.cpp">
      <Filter>CppUtils</Filter>
    </ClCompile>
    <ClCompile Include="CppUtils\CppMsgBox.cpp">
      <Filter>CppUtils</Filter>
    </ClCompile>
    <ClCompile Include="CppUtils\CppProperties.cpp">
      <Filter>CppUtils</Filter>
    </ClCompile>
    <ClCompile Include="CppUtils\CppString.cpp">
      <Filter>CppUtils</Filter>
    </ClCompile>
    <ClCompile Include="CppUtils\CppUtil.cpp">
      <Filter>CppUtils</Filter>
    </ClCompile>
    <ClCompile Include="Compiler\t_compiler.cpp">
      <Filter>PTML</Filter>
    </ClCompile>
    <ClCompile Include="Compiler\t_interpreter.cpp">
      <Filter>PTML</Filter>
    </ClCompile>
    <ClCompile Include="Compiler\t_param.cpp">
      <Filter>PTML</Filter>
    </ClCompile>
    <ClCompile Include="Compiler\t_program.cpp">
      <Filter>PTML</Filter>
    </ClCompile>
    <ClCompile Include="Compiler\t_source_line.cpp">
      <Filter>PTML</Filter>
    </ClCompile>
    <ClCompile Include="Compiler\t_variable.cpp">
      <Filter>PTML</Filter>
    </ClCompile>
    <ClCompile Include="ptm_core.cpp">
      <Filter>PTM</Filter>
    </ClCompile>
    <ClCompile Include="ptm_commands.cpp">
      <Filter>PTM</Filter>
    </ClCompile>
  </ItemGroup>
  <ItemGroup>
    <ClInclude Include="CppUtils\CppFile.h">
      <Filter>CppUtils</Filter>
    </ClInclude>
    <ClInclude Include="CppUtils\CppGlobal.h">
      <Filter>CppUtils</Filter>
    </ClInclude>
    <ClInclude Include="CppUtils\CppMsgBox.h">
      <Filter>CppUtils</Filter>
    </ClInclude>
    <ClInclude Include="CppUtils\CppProperties.h">
      <Filter>CppUtils</Filter>
    </ClInclude>
    <ClInclude Include="CppUtils\CppString.h">
      <Filter>CppUtils</Filter>
    </ClInclude>
    <ClInclude Include="CppUtils\CppUtil.h">
      <Filter>CppUtils</Filter>
    </ClInclude>
    <ClInclude Include="CppUtils\CppUtils.h">
      <Filter>CppUtils</Filter>
    </ClInclude>
    <ClInclude Include="common.h">
      <Filter>Common</Filter>
    </ClInclude>
    <ClInclude Include="Compiler\t_compiler.h">
      <Filter>PTML</Filter>
    </ClInclude>
    <ClInclude Include="Compiler\t_interpreter.h">
      <Filter>PTML</Filter>
    </ClInclude>
    <ClInclude Include="Compiler\t_loop.h">
      <Filter>PTML</Filter>
    </ClInclude>
    <ClInclude Include="Compiler\t_param.h">
      <Filter>PTML</Filter>
    </ClInclude>
    <ClInclude Include="Compiler\t_program.h">
      <Filter>PTML</Filter>
    </ClInclude>
    <ClInclude Include="Compiler\t_program_line.h">
      <Filter>PTML</Filter>
    </ClInclude>
    <ClInclude Include="Compiler\t_source_line.h">
      <Filter>PTML</Filter>
    </ClInclude>
    <ClInclude Include="Compiler\t_variable.h">
      <Filter>PTML</Filter>
    </ClInclude>
    <ClInclude Include="ptm_core.h">
      <Filter>PTM</Filter>
    </ClInclude>
    <ClInclude Include="ptm_commands.h">
      <Filter>PTM</Filter>
    </ClInclude>
  </ItemGroup>
  <ItemGroup>
    <Filter Include="CppUtils">
      <UniqueIdentifier>{92e3fc93-a63b-4ce6-8d0b-f5e672393ce8}</UniqueIdentifier>
    </Filter>
    <Filter Include="Common">
      <UniqueIdentifier>{b2d6124d-8ef1-4199-a412-1b23250adda5}</UniqueIdentifier>
    </Filter>
    <Filter Include="PTM">
      <UniqueIdentifier>{0d454045-cb6f-47a7-b930-da49672a80d3}</UniqueIdentifier>
    </Filter>
    <Filter Include="PTML">
      <UniqueIdentifier>{07126054-de90-45e3-a422-ba77e9f1affc}</UniqueIdentifier>
    </Filter>
  </ItemGroup>
</Project>