<?xml version="1.0" encoding="utf-8"?>
<Project ToolsVersion="4.0" xmlns="http://schemas.microsoft.com/developer/msbuild/2003">
  <ItemGroup>
    <ClCompile Include="src\main.cpp" />
    <ClCompile Include="src\t_string.cpp">
      <Filter>UTIL</Filter>
    </ClCompile>
    <ClCompile Include="src\t_util.cpp">
      <Filter>UTIL</Filter>
    </ClCompile>
    <ClCompile Include="src\t_list.cpp">
      <Filter>UTIL</Filter>
    </ClCompile>
    <ClCompile Include="src\t_dict.cpp">
      <Filter>UTIL</Filter>
    </ClCompile>
    <ClCompile Include="src\t_data.cpp">
      <Filter>UTIL</Filter>
    </ClCompile>
    <ClCompile Include="src\t_tests.cpp">
      <Filter>TEST</Filter>
    </ClCompile>
    <ClCompile Include="src\t_window.cpp">
      <Filter>GRAPHICS</Filter>
    </ClCompile>
    <ClCompile Include="src\t_charset.cpp">
      <Filter>GRAPHICS</Filter>
    </ClCompile>
    <ClCompile Include="src\t_color.cpp">
      <Filter>GRAPHICS</Filter>
    </ClCompile>
    <ClCompile Include="src\t_keyboard.cpp">
      <Filter>INPUT</Filter>
    </ClCompile>
    <ClCompile Include="src\t_tile.cpp">
      <Filter>TILE SYSTEM</Filter>
    </ClCompile>
    <ClCompile Include="src\t_tilebuffer.cpp">
      <Filter>TILE SYSTEM</Filter>
    </ClCompile>
    <ClCompile Include="src\t_char.cpp">
      <Filter>TILE SYSTEM</Filter>
    </ClCompile>
    <ClCompile Include="src\t_palette.cpp">
      <Filter>GRAPHICS</Filter>
    </ClCompile>
    <ClCompile Include="src\PTM.cpp">
      <Filter>CORE</Filter>
    </ClCompile>
    <ClCompile Include="src\t_screen.cpp">
      <Filter>MACHINE</Filter>
    </ClCompile>
    <ClCompile Include="src\t_cursor.cpp">
      <Filter>MACHINE</Filter>
    </ClCompile>
    <ClCompile Include="src\t_pos.cpp">
      <Filter>UTIL</Filter>
    </ClCompile>
    <ClCompile Include="src\t_sprite.cpp">
      <Filter>TILE SYSTEM</Filter>
    </ClCompile>
    <ClCompile Include="src\t_tileflags.cpp">
      <Filter>TILE SYSTEM</Filter>
    </ClCompile>
  </ItemGroup>
  <ItemGroup>
    <ClInclude Include="src\t_string.h">
      <Filter>UTIL</Filter>
    </ClInclude>
    <ClInclude Include="src\t_util.h">
      <Filter>UTIL</Filter>
    </ClInclude>
    <ClInclude Include="src\t_list.h">
      <Filter>UTIL</Filter>
    </ClInclude>
    <ClInclude Include="src\t_dict.h">
      <Filter>UTIL</Filter>
    </ClInclude>
    <ClInclude Include="src\t_data.h">
      <Filter>UTIL</Filter>
    </ClInclude>
    <ClInclude Include="src\t_tests.h">
      <Filter>TEST</Filter>
    </ClInclude>
    <ClInclude Include="src\t_binary.h">
      <Filter>UTIL</Filter>
    </ClInclude>
    <ClInclude Include="src\t_window.h">
      <Filter>GRAPHICS</Filter>
    </ClInclude>
    <ClInclude Include="src\t_charset.h">
      <Filter>GRAPHICS</Filter>
    </ClInclude>
    <ClInclude Include="src\t_color.h">
      <Filter>GRAPHICS</Filter>
    </ClInclude>
    <ClInclude Include="src\t_keyboard.h">
      <Filter>INPUT</Filter>
    </ClInclude>
    <ClInclude Include="src\t_tile.h">
      <Filter>TILE SYSTEM</Filter>
    </ClInclude>
    <ClInclude Include="src\t_tilebuffer.h">
      <Filter>TILE SYSTEM</Filter>
    </ClInclude>
    <ClInclude Include="src\t_char.h">
      <Filter>TILE SYSTEM</Filter>
    </ClInclude>
    <ClInclude Include="src\t_palette.h">
      <Filter>GRAPHICS</Filter>
    </ClInclude>
    <ClInclude Include="src\t_tile_animation.h">
      <Filter>TILE SYSTEM</Filter>
    </ClInclude>
    <ClInclude Include="src\PTM.h">
      <Filter>CORE</Filter>
    </ClInclude>
    <ClInclude Include="src\t_screen.h">
      <Filter>MACHINE</Filter>
    </ClInclude>
    <ClInclude Include="src\t_index.h">
      <Filter>GRAPHICS</Filter>
    </ClInclude>
    <ClInclude Include="src\t_cursor.h">
      <Filter>MACHINE</Filter>
    </ClInclude>
    <ClInclude Include="src\t_pointers.h">
      <Filter>UTIL</Filter>
    </ClInclude>
    <ClInclude Include="src\t_pos.h">
      <Filter>UTIL</Filter>
    </ClInclude>
    <ClInclude Include="src\t_sprite.h">
      <Filter>TILE SYSTEM</Filter>
    </ClInclude>
    <ClInclude Include="src\t_tileflags.h">
      <Filter>TILE SYSTEM</Filter>
    </ClInclude>
  </ItemGroup>
  <ItemGroup>
    <Filter Include="UTIL">
      <UniqueIdentifier>{1e5749d2-762f-4f97-b9eb-39d554790416}</UniqueIdentifier>
    </Filter>
    <Filter Include="TEST">
      <UniqueIdentifier>{a56445db-2f75-4346-b2cc-eee7843ce292}</UniqueIdentifier>
    </Filter>
    <Filter Include="INPUT">
      <UniqueIdentifier>{31c97c3a-1b06-47e4-9c67-9dbac0326a30}</UniqueIdentifier>
    </Filter>
    <Filter Include="TILE SYSTEM">
      <UniqueIdentifier>{ae92eb0a-0819-44c8-9dc9-15dcf26417a3}</UniqueIdentifier>
    </Filter>
    <Filter Include="GRAPHICS">
      <UniqueIdentifier>{cb589e47-33ae-43f4-b8bf-f0954d4be141}</UniqueIdentifier>
    </Filter>
    <Filter Include="CORE">
      <UniqueIdentifier>{d5551f7b-30ed-4f80-aa0a-e1dc9a86334e}</UniqueIdentifier>
    </Filter>
    <Filter Include="MACHINE">
      <UniqueIdentifier>{1e5c2f8b-690e-4f1e-a849-f52336d15e66}</UniqueIdentifier>
    </Filter>
  </ItemGroup>
</Project>