
Microsoft Visual Studio Solution File, Format Version 12.00
# Visual Studio Version 17
VisualStudioVersion = 17.5.33627.172
MinimumVisualStudioVersion = 10.0.40219.1
Project("{8BC9CEB8-8B4A-11D0-8D11-00A0C91BC942}") = "PTM", "PTM.vcxproj", "{DD6F5822-D1AB-4473-BB41-7D631F7926B3}"
EndProject
Project("{FAE04EC0-301F-11D3-BF4B-00C04F79EFBC}") = "PTMStudio", "PTMStudio\PTMStudio.csproj", "{C62401D3-ADF8-477B-9295-B1C468F60D75}"
EndProject
Global
	GlobalSection(SolutionConfigurationPlatforms) = preSolution
		Debug|Any CPU = Debug|Any CPU
		Debug|x64 = Debug|x64
		Debug|x86 = Debug|x86
		Release|Any CPU = Release|Any CPU
		Release|x64 = Release|x64
		Release|x86 = Release|x86
	EndGlobalSection
	GlobalSection(ProjectConfigurationPlatforms) = postSolution
		{DD6F5822-D1AB-4473-BB41-7D631F7926B3}.Debug|Any CPU.ActiveCfg = Debug|x64
		{DD6F5822-D1AB-4473-BB41-7D631F7926B3}.Debug|Any CPU.Build.0 = Debug|x64
		{DD6F5822-D1AB-4473-BB41-7D631F7926B3}.Debug|x64.ActiveCfg = Debug|x64
		{DD6F5822-D1AB-4473-BB41-7D631F7926B3}.Debug|x64.Build.0 = Debug|x64
		{DD6F5822-D1AB-4473-BB41-7D631F7926B3}.Debug|x86.ActiveCfg = Debug|Win32
		{DD6F5822-D1AB-4473-BB41-7D631F7926B3}.Debug|x86.Build.0 = Debug|Win32
		{DD6F5822-D1AB-4473-BB41-7D631F7926B3}.Release|Any CPU.ActiveCfg = Release|x64
		{DD6F5822-D1AB-4473-BB41-7D631F7926B3}.Release|Any CPU.Build.0 = Release|x64
		{DD6F5822-D1AB-4473-BB41-7D631F7926B3}.Release|x64.ActiveCfg = Release|x64
		{DD6F5822-D1AB-4473-BB41-7D631F7926B3}.Release|x64.Build.0 = Release|x64
		{DD6F5822-D1AB-4473-BB41-7D631F7926B3}.Release|x86.ActiveCfg = Release|Win32
		{DD6F5822-D1AB-4473-BB41-7D631F7926B3}.Release|x86.Build.0 = Release|Win32
		{C62401D3-ADF8-477B-9295-B1C468F60D75}.Debug|Any CPU.ActiveCfg = Debug|Any CPU
		{C62401D3-ADF8-477B-9295-B1C468F60D75}.Debug|Any CPU.Build.0 = Debug|Any CPU
		{C62401D3-ADF8-477B-9295-B1C468F60D75}.Debug|x64.ActiveCfg = Debug|Any CPU
		{C62401D3-ADF8-477B-9295-B1C468F60D75}.Debug|x64.Build.0 = Debug|Any CPU
		{C62401D3-ADF8-477B-9295-B1C468F60D75}.Debug|x86.ActiveCfg = Debug|Any CPU
		{C62401D3-ADF8-477B-9295-B1C468F60D75}.Debug|x86.Build.0 = Debug|Any CPU
		{C62401D3-ADF8-477B-9295-B1C468F60D75}.Release|Any CPU.ActiveCfg = Release|Any CPU
		{C62401D3-ADF8-477B-9295-B1C468F60D75}.Release|Any CPU.Build.0 = Release|Any CPU
		{C62401D3-ADF8-477B-9295-B1C468F60D75}.Release|x64.ActiveCfg = Release|Any CPU
		{C62401D3-ADF8-477B-9295-B1C468F60D75}.Release|x64.Build.0 = Release|Any CPU
		{C62401D3-ADF8-477B-9295-B1C468F60D75}.Release|x86.ActiveCfg = Release|Any CPU
		{C62401D3-ADF8-477B-9295-B1C468F60D75}.Release|x86.Build.0 = Release|Any CPU
	EndGlobalSection
	GlobalSection(SolutionProperties) = preSolution
		HideSolutionNode = FALSE
	EndGlobalSection
	GlobalSection(ExtensibilityGlobals) = postSolution
		SolutionGuid = {25D12A45-CE56-418C-90E8-3A6D888E9E84}
	EndGlobalSection
EndGlobal
